
Microsoft Visual Studio Solution File, Format Version 12.00
# Visual Studio Version 17
VisualStudioVersion = 17.3.32929.385
MinimumVisualStudioVersion = 10.0.40219.1
Project("{FAE04EC0-301F-11D3-BF4B-00C04F79EFBC}") = "method3", "method3\method3.csproj", "{9C57A4B4-4ADA-4B49-B43E-DDF27987EC2D}"
EndProject
Global
	GlobalSection(SolutionConfigurationPlatforms) = preSolution
		Debug|Any CPU = Debug|Any CPU
		Release|Any CPU = Release|Any CPU
	EndGlobalSection
	GlobalSection(ProjectConfigurationPlatforms) = postSolution
		{9C57A4B4-4ADA-4B49-B43E-DDF27987EC2D}.Debug|Any CPU.ActiveCfg = Debug|Any CPU
		{9C57A4B4-4ADA-4B49-B43E-DDF27987EC2D}.Debug|Any CPU.Build.0 = Debug|Any CPU
		{9C57A4B4-4ADA-4B49-B43E-DDF27987EC2D}.Release|Any CPU.ActiveCfg = Release|Any CPU
		{9C57A4B4-4ADA-4B49-B43E-DDF27987EC2D}.Release|Any CPU.Build.0 = Release|Any CPU
	EndGlobalSection
	GlobalSection(SolutionProperties) = preSolution
		HideSolutionNode = FALSE
	EndGlobalSection
	GlobalSection(ExtensibilityGlobals) = postSolution
		SolutionGuid = {7EBC66A5-A387-486D-BC56-60EC2E408912}
	EndGlobalSection
EndGlobal
